
Microsoft Visual Studio Solution File, Format Version 12.00
# Visual Studio Version 17
VisualStudioVersion = 17.8.34525.116
MinimumVisualStudioVersion = 10.0.40219.1
Project("{FAE04EC0-301F-11D3-BF4B-00C04F79EFBC}") = "WebApplication1", "WebApplication1\WebApplication1.csproj", "{D5A57A36-39F1-45D5-86F1-289084879546}"
EndProject
Project("{E53339B2-1760-4266-BCC7-CA923CBCF16C}") = "docker-compose", "docker-compose.dcproj", "{640B6BA2-A1E9-4F81-A560-CDFE2F390759}"
EndProject
Global
	GlobalSection(SolutionConfigurationPlatforms) = preSolution
		Debug|Any CPU = Debug|Any CPU
		Release|Any CPU = Release|Any CPU
	EndGlobalSection
	GlobalSection(ProjectConfigurationPlatforms) = postSolution
		{D5A57A36-39F1-45D5-86F1-289084879546}.Debug|Any CPU.ActiveCfg = Debug|Any CPU
		{D5A57A36-39F1-45D5-86F1-289084879546}.Debug|Any CPU.Build.0 = Debug|Any CPU
		{D5A57A36-39F1-45D5-86F1-289084879546}.Release|Any CPU.ActiveCfg = Release|Any CPU
		{D5A57A36-39F1-45D5-86F1-289084879546}.Release|Any CPU.Build.0 = Release|Any CPU
		{640B6BA2-A1E9-4F81-A560-CDFE2F390759}.Debug|Any CPU.ActiveCfg = Debug|Any CPU
		{640B6BA2-A1E9-4F81-A560-CDFE2F390759}.Debug|Any CPU.Build.0 = Debug|Any CPU
		{640B6BA2-A1E9-4F81-A560-CDFE2F390759}.Release|Any CPU.ActiveCfg = Release|Any CPU
		{640B6BA2-A1E9-4F81-A560-CDFE2F390759}.Release|Any CPU.Build.0 = Release|Any CPU
	EndGlobalSection
	GlobalSection(SolutionProperties) = preSolution
		HideSolutionNode = FALSE
	EndGlobalSection
	GlobalSection(ExtensibilityGlobals) = postSolution
		SolutionGuid = {4A3504F7-802C-4635-9E61-3C3E6821A795}
	EndGlobalSection
EndGlobal
